{
  "version": 4,
  "terraform_version": "1.12.2",
  "serial": 5,
  "lineage": "bb4b9f02-6e42-4856-ed50-b41fce03a780",
  "outputs": {},
  "resources": [
    {
      "mode": "managed",
      "type": "jetstream_kv_bucket",
      "name": "user_markkovari_notifications",
      "provider": "provider[\"registry.terraform.io/nats-io/jetstream\"]",
      "instances": [
        {
          "schema_version": 0,
          "attributes": {
            "description": "Notifications for user called markkovari",
            "history": 5,
            "id": "JETSTREAM_KV_user_markkovari_notifications",
            "limit_marker_ttl": 0,
            "max_bucket_size": -1,
            "max_value_size": -1,
            "name": "user_markkovari_notifications",
            "placement_cluster": null,
            "placement_tags": null,
            "replicas": 1,
            "ttl": 0
          },
          "sensitive_attributes": [],
          "identity_schema_version": 0,
          "private": "bnVsbA=="
        }
      ]
    }
  ],
  "check_results": null
}
