{
  "lockfileVersion": 1,
  "workspaces": {
    "": {
      "name": "rate-limit-queues2",
      "dependencies": {
        "@nats-io/transport-node": "^3.1.0",
      },
      "devDependencies": {
        "@nats-io/jetstream": "^3.1.0",
        "@types/bun": "latest",
      },
      "peerDependencies": {
        "typescript": "^5",
      },
    },
  },
  "packages": {
    "@nats-io/jetstream": ["@nats-io/jetstream@3.1.0", "", { "dependencies": { "@nats-io/nats-core": "3.1.0" } }, "sha512-L+IEqEo2Bb8533tGNCsfsFW1kArYrQIkq3YMz8KDzBXJUjH3e5pFNaL2j7xeN/klToYFFLmuhsM6FwRYarkR0w=="],

    "@nats-io/nats-core": ["@nats-io/nats-core@3.1.0", "", { "dependencies": { "@nats-io/nkeys": "2.0.3", "@nats-io/nuid": "2.0.3" } }, "sha512-xsSkLEGGcqNF+Ru8dMjPmKtfbBeq/U4meuJJX4Zi+5TBHpjpjNjs4YkCBC/pGYWnEum1/vdNPizjE1RdNHCyBg=="],

    "@nats-io/nkeys": ["@nats-io/nkeys@2.0.3", "", { "dependencies": { "tweetnacl": "^1.0.3" } }, "sha512-JVt56GuE6Z89KUkI4TXUbSI9fmIfAmk6PMPknijmuL72GcD+UgIomTcRWiNvvJKxA01sBbmIPStqJs5cMRBC3A=="],

    "@nats-io/nuid": ["@nats-io/nuid@2.0.3", "", {}, "sha512-TpA3HEBna/qMVudy+3HZr5M3mo/L1JPofpVT4t0HkFGkz2Cn9wrlrQC8tvR8Md5Oa9//GtGG26eN0qEWF5Vqew=="],

    "@nats-io/transport-node": ["@nats-io/transport-node@3.1.0", "", { "dependencies": { "@nats-io/nats-core": "3.1.0", "@nats-io/nkeys": "2.0.3", "@nats-io/nuid": "2.0.3" } }, "sha512-k5pH7IOKUetwXOMraVgcB5zG0wibcHOwJJuyuY1/5Q4K0XfBJDnb/IbczP5/JJWwMYfxSL9O+46ojtdBHvHRSw=="],

    "@types/bun": ["@types/bun@1.2.18", "", { "dependencies": { "bun-types": "1.2.18" } }, "sha512-Xf6RaWVheyemaThV0kUfaAUvCNokFr+bH8Jxp+tTZfx7dAPA8z9ePnP9S9+Vspzuxxx9JRAXhnyccRj3GyCMdQ=="],

    "@types/node": ["@types/node@24.0.12", "", { "dependencies": { "undici-types": "~7.8.0" } }, "sha512-LtOrbvDf5ndC9Xi+4QZjVL0woFymF/xSTKZKPgrrl7H7XoeDvnD+E2IclKVDyaK9UM756W/3BXqSU+JEHopA9g=="],

    "@types/react": ["@types/react@19.1.8", "", { "dependencies": { "csstype": "^3.0.2" } }, "sha512-AwAfQ2Wa5bCx9WP8nZL2uMZWod7J7/JSplxbTmBQ5ms6QpqNYm672H0Vu9ZVKVngQ+ii4R/byguVEUZQyeg44g=="],

    "bun-types": ["bun-types@1.2.18", "", { "dependencies": { "@types/node": "*" }, "peerDependencies": { "@types/react": "^19" } }, "sha512-04+Eha5NP7Z0A9YgDAzMk5PHR16ZuLVa83b26kH5+cp1qZW4F6FmAURngE7INf4tKOvCE69vYvDEwoNl1tGiWw=="],

    "csstype": ["csstype@3.1.3", "", {}, "sha512-M1uQkMl8rQK/szD0LNhtqxIPLpimGm8sOBwU7lLnCpSbTyY3yeU1Vc7l4KT5zT4s/yOxHH5O7tIuuLOCnLADRw=="],

    "tweetnacl": ["tweetnacl@1.0.3", "", {}, "sha512-6rt+RN7aOi1nGMyC4Xa5DdYiukl2UWCbcJft7YhxReBGQD7OAM8Pbxw6YMo4r2diNEA8FEmu32YOn9rhaiE5yw=="],

    "typescript": ["typescript@5.8.3", "", { "bin": { "tsc": "bin/tsc", "tsserver": "bin/tsserver" } }, "sha512-p1diW6TqL9L07nNxvRMM7hMMw4c5XOo/1ibL4aAIGmSAt9slTE1Xgw5KWuof2uTOvCg9BY7ZRi+GaF+7sfgPeQ=="],

    "undici-types": ["undici-types@7.8.0", "", {}, "sha512-9UJ2xGDvQ43tYyVMpuHlsgApydB8ZKfVYTsLDhXkFL/6gfkp+U8xTGdh8pMJv1SpZna0zxG1DwsKZsreLbXBxw=="],
  }
}
