lockfileVersion: '9.0'

settings:
  autoInstallPeers: true
  excludeLinksFromLockfile: false

importers:

  .:
    dependencies:
      '@nats-io/kv':
        specifier: ^3.1.0
        version: 3.1.0
      nats:
        specifier: ^2.29.3
        version: 2.29.3
      uuid:
        specifier: ^14.0.0
        version: 14.0.0
    devDependencies:
      '@types/node':
        specifier: ^24.3.0
        version: 24.3.0
      typescript:
        specifier: ^5.9.2
        version: 5.9.2

packages:

  '@nats-io/jetstream@3.1.0':
    resolution: {integrity: sha512-L+IEqEo2Bb8533tGNCsfsFW1kArYrQIkq3YMz8KDzBXJUjH3e5pFNaL2j7xeN/klToYFFLmuhsM6FwRYarkR0w==}

  '@nats-io/kv@3.1.0':
    resolution: {integrity: sha512-PqtJMF8vKqnnDngN8ITYSChSchUHGdFZOO6pV3lxSS/SxXgvhaJ8FTAoC/70mSZNOmHu3ISB5SbH86gyQIugXQ==}

  '@nats-io/nats-core@3.1.0':
    resolution: {integrity: sha512-xsSkLEGGcqNF+Ru8dMjPmKtfbBeq/U4meuJJX4Zi+5TBHpjpjNjs4YkCBC/pGYWnEum1/vdNPizjE1RdNHCyBg==}

  '@nats-io/nkeys@2.0.3':
    resolution: {integrity: sha512-JVt56GuE6Z89KUkI4TXUbSI9fmIfAmk6PMPknijmuL72GcD+UgIomTcRWiNvvJKxA01sBbmIPStqJs5cMRBC3A==}
    engines: {node: '>=18.0.0'}

  '@nats-io/nuid@2.0.3':
    resolution: {integrity: sha512-TpA3HEBna/qMVudy+3HZr5M3mo/L1JPofpVT4t0HkFGkz2Cn9wrlrQC8tvR8Md5Oa9//GtGG26eN0qEWF5Vqew==}
    engines: {node: '>= 18.x'}

  '@types/node@24.3.0':
    resolution: {integrity: sha512-aPTXCrfwnDLj4VvXrm+UUCQjNEvJgNA8s5F1cvwQU+3KNltTOkBm1j30uNLyqqPNe7gE3KFzImYoZEfLhp4Yow==}

  nats@2.29.3:
    resolution: {integrity: sha512-tOQCRCwC74DgBTk4pWZ9V45sk4d7peoE2njVprMRCBXrhJ5q5cYM7i6W+Uvw2qUrcfOSnuisrX7bEx3b3Wx4QA==}
    engines: {node: '>= 14.0.0'}

  nkeys.js@1.1.0:
    resolution: {integrity: sha512-tB/a0shZL5UZWSwsoeyqfTszONTt4k2YS0tuQioMOD180+MbombYVgzDUYHlx+gejYK6rgf08n/2Df99WY0Sxg==}
    engines: {node: '>=10.0.0'}

  tweetnacl@1.0.3:
    resolution: {integrity: sha512-6rt+RN7aOi1nGMyC4Xa5DdYiukl2UWCbcJft7YhxReBGQD7OAM8Pbxw6YMo4r2diNEA8FEmu32YOn9rhaiE5yw==}

  typescript@5.9.2:
    resolution: {integrity: sha512-CWBzXQrc/qOkhidw1OzBTQuYRbfyxDXJMVJ1XNwUHGROVmuaeiEm3OslpZ1RV96d7SKKjZKrSJu3+t/xlw3R9A==}
    engines: {node: '>=14.17'}
    hasBin: true

  undici-types@7.10.0:
    resolution: {integrity: sha512-t5Fy/nfn+14LuOc2KNYg75vZqClpAiqscVvMygNnlsHBFpSXdJaYtXMcdNLpl/Qvc3P2cB3s6lOV51nqsFq4ag==}

  uuid@14.0.0:
    resolution: {integrity: sha512-Qo+uWgilfSmAhXCMav1uYFynlQO7fMFiMVZsQqZRMIXp0O7rR7qjkj+cPvBHLgBqi960QCoo/PH2/6ZtVqKvrg==}
    hasBin: true

snapshots:

  '@nats-io/jetstream@3.1.0':
    dependencies:
      '@nats-io/nats-core': 3.1.0

  '@nats-io/kv@3.1.0':
    dependencies:
      '@nats-io/jetstream': 3.1.0
      '@nats-io/nats-core': 3.1.0

  '@nats-io/nats-core@3.1.0':
    dependencies:
      '@nats-io/nkeys': 2.0.3
      '@nats-io/nuid': 2.0.3

  '@nats-io/nkeys@2.0.3':
    dependencies:
      tweetnacl: 1.0.3

  '@nats-io/nuid@2.0.3': {}

  '@types/node@24.3.0':
    dependencies:
      undici-types: 7.10.0

  nats@2.29.3:
    dependencies:
      nkeys.js: 1.1.0

  nkeys.js@1.1.0:
    dependencies:
      tweetnacl: 1.0.3

  tweetnacl@1.0.3: {}

  typescript@5.9.2: {}

  undici-types@7.10.0: {}

  uuid@14.0.0: {}
